// !$*UTF8*$!
{
	archiveVersion = 1;
	classes = {
	};
	objectVersion = 46;
	objects = {

/* Begin PBXBuildFile section */
		C8162C41669040DC8133B818 /* libPods.a in Frameworks */ = {isa = PBXBuildFile; fileRef = D73101404F8346B5A1AF319B /* libPods.a */; };
		F2021B391802908C008B1BAE /* Foundation.framework in Frameworks */ = {isa = PBXBuildFile; fileRef = F2021B381802908C008B1BAE /* Foundation.framework */; };
		F2021B3B1802908C008B1BAE /* CoreGraphics.framework in Frameworks */ = {isa = PBXBuildFile; fileRef = F2021B3A1802908C008B1BAE /* CoreGraphics.framework */; };
		F2021B3D1802908C008B1BAE /* UIKit.framework in Frameworks */ = {isa = PBXBuildFile; fileRef = F2021B3C1802908C008B1BAE /* UIKit.framework */; };
		F2021B3F1802908C008B1BAE /* CoreData.framework in Frameworks */ = {isa = PBXBuildFile; fileRef = F2021B3E1802908C008B1BAE /* CoreData.framework */; };
		F2021B451802908C008B1BAE /* InfoPlist.strings in Resources */ = {isa = PBXBuildFile; fileRef = F2021B431802908C008B1BAE /* InfoPlist.strings */; };
		F2021B471802908C008B1BAE /* main.m in Sources */ = {isa = PBXBuildFile; fileRef = F2021B461802908C008B1BAE /* main.m */; };
		F2021B4B1802908C008B1BAE /* XXAppDelegate.m in Sources */ = {isa = PBXBuildFile; fileRef = F2021B4A1802908C008B1BAE /* XXAppDelegate.m */; };
		F2021B4E1802908C008B1BAE /* Main_iPhone.storyboard in Resources */ = {isa = PBXBuildFile; fileRef = F2021B4C1802908C008B1BAE /* Main_iPhone.storyboard */; };
		F2021B511802908C008B1BAE /* Main_iPad.storyboard in Resources */ = {isa = PBXBuildFile; fileRef = F2021B4F1802908C008B1BAE /* Main_iPad.storyboard */; };
		F2021B541802908C008B1BAE /* Verses.xcdatamodeld in Sources */ = {isa = PBXBuildFile; fileRef = F2021B521802908C008B1BAE /* Verses.xcdatamodeld */; };
		F2021B571802908C008B1BAE /* XXMasterViewController.m in Sources */ = {isa = PBXBuildFile; fileRef = F2021B561802908C008B1BAE /* XXMasterViewController.m */; };
		F2021B5A1802908C008B1BAE /* XXDetailViewController.m in Sources */ = {isa = PBXBuildFile; fileRef = F2021B591802908C008B1BAE /* XXDetailViewController.m */; };
		F2021B5C1802908C008B1BAE /* Images.xcassets in Resources */ = {isa = PBXBuildFile; fileRef = F2021B5B1802908C008B1BAE /* Images.xcassets */; };
		F2021B631802908C008B1BAE /* XCTest.framework in Frameworks */ = {isa = PBXBuildFile; fileRef = F2021B621802908C008B1BAE /* XCTest.framework */; };
		F2021B641802908C008B1BAE /* Foundation.framework in Frameworks */ = {isa = PBXBuildFile; fileRef = F2021B381802908C008B1BAE /* Foundation.framework */; };
		F2021B651802908C008B1BAE /* UIKit.framework in Frameworks */ = {isa = PBXBuildFile; fileRef = F2021B3C1802908C008B1BAE /* UIKit.framework */; };
		F2021B661802908C008B1BAE /* CoreData.framework in Frameworks */ = {isa = PBXBuildFile; fileRef = F2021B3E1802908C008B1BAE /* CoreData.framework */; };
		F2021B6E1802908C008B1BAE /* InfoPlist.strings in Resources */ = {isa = PBXBuildFile; fileRef = F2021B6C1802908C008B1BAE /* InfoPlist.strings */; };
		F2021B701802908C008B1BAE /* VersesTests.m in Sources */ = {isa = PBXBuildFile; fileRef = F2021B6F1802908C008B1BAE /* VersesTests.m */; };
		F2021B7B18029626008B1BAE /* XXLoginController.m in Sources */ = {isa = PBXBuildFile; fileRef = F2021B7A18029626008B1BAE /* XXLoginController.m */; };
		F2021B7E1802965C008B1BAE /* XXUser.m in Sources */ = {isa = PBXBuildFile; fileRef = F2021B7D1802965C008B1BAE /* XXUser.m */; };
		F2021B81180296A8008B1BAE /* XXStory.m in Sources */ = {isa = PBXBuildFile; fileRef = F2021B80180296A8008B1BAE /* XXStory.m */; };
		F2021B84180296B2008B1BAE /* XXContribution.m in Sources */ = {isa = PBXBuildFile; fileRef = F2021B83180296B2008B1BAE /* XXContribution.m */; };
		F2021B87180296C3008B1BAE /* XXTag.m in Sources */ = {isa = PBXBuildFile; fileRef = F2021B86180296C3008B1BAE /* XXTag.m */; };
/* End PBXBuildFile section */

/* Begin PBXContainerItemProxy section */
		F2021B671802908C008B1BAE /* PBXContainerItemProxy */ = {
			isa = PBXContainerItemProxy;
			containerPortal = F2021B2D1802908C008B1BAE /* Project object */;
			proxyType = 1;
			remoteGlobalIDString = F2021B341802908C008B1BAE;
			remoteInfo = Verses;
		};
/* End PBXContainerItemProxy section */

/* Begin PBXFileReference section */
		8BA29E3B4C4140D4AB44C270 /* Pods.xcconfig */ = {isa = PBXFileReference; includeInIndex = 1; lastKnownFileType = text.xcconfig; name = Pods.xcconfig; path = Pods/Pods.xcconfig; sourceTree = "<group>"; };
		D73101404F8346B5A1AF319B /* libPods.a */ = {isa = PBXFileReference; explicitFileType = archive.ar; includeInIndex = 0; path = libPods.a; sourceTree = BUILT_PRODUCTS_DIR; };
		F2021B351802908C008B1BAE /* Verses.app */ = {isa = PBXFileReference; explicitFileType = wrapper.application; includeInIndex = 0; path = Verses.app; sourceTree = BUILT_PRODUCTS_DIR; };
		F2021B381802908C008B1BAE /* Foundation.framework */ = {isa = PBXFileReference; lastKnownFileType = wrapper.framework; name = Foundation.framework; path = System/Library/Frameworks/Foundation.framework; sourceTree = SDKROOT; };
		F2021B3A1802908C008B1BAE /* CoreGraphics.framework */ = {isa = PBXFileReference; lastKnownFileType = wrapper.framework; name = CoreGraphics.framework; path = System/Library/Frameworks/CoreGraphics.framework; sourceTree = SDKROOT; };
		F2021B3C1802908C008B1BAE /* UIKit.framework */ = {isa = PBXFileReference; lastKnownFileType = wrapper.framework; name = UIKit.framework; path = System/Library/Frameworks/UIKit.framework; sourceTree = SDKROOT; };
		F2021B3E1802908C008B1BAE /* CoreData.framework */ = {isa = PBXFileReference; lastKnownFileType = wrapper.framework; name = CoreData.framework; path = System/Library/Frameworks/CoreData.framework; sourceTree = SDKROOT; };
		F2021B421802908C008B1BAE /* Verses-Info.plist */ = {isa = PBXFileReference; lastKnownFileType = text.plist.xml; path = "Verses-Info.plist"; sourceTree = "<group>"; };
		F2021B441802908C008B1BAE /* en */ = {isa = PBXFileReference; lastKnownFileType = text.plist.strings; name = en; path = en.lproj/InfoPlist.strings; sourceTree = "<group>"; };
		F2021B461802908C008B1BAE /* main.m */ = {isa = PBXFileReference; lastKnownFileType = sourcecode.c.objc; path = main.m; sourceTree = "<group>"; };
		F2021B481802908C008B1BAE /* Verses-Prefix.pch */ = {isa = PBXFileReference; lastKnownFileType = sourcecode.c.h; path = "Verses-Prefix.pch"; sourceTree = "<group>"; };
		F2021B491802908C008B1BAE /* XXAppDelegate.h */ = {isa = PBXFileReference; lastKnownFileType = sourcecode.c.h; path = XXAppDelegate.h; sourceTree = "<group>"; };
		F2021B4A1802908C008B1BAE /* XXAppDelegate.m */ = {isa = PBXFileReference; lastKnownFileType = sourcecode.c.objc; path = XXAppDelegate.m; sourceTree = "<group>"; };
		F2021B4D1802908C008B1BAE /* Base */ = {isa = PBXFileReference; lastKnownFileType = file.storyboard; name = Base; path = Base.lproj/Main_iPhone.storyboard; sourceTree = "<group>"; };
		F2021B501802908C008B1BAE /* Base */ = {isa = PBXFileReference; lastKnownFileType = file.storyboard; name = Base; path = Base.lproj/Main_iPad.storyboard; sourceTree = "<group>"; };
		F2021B531802908C008B1BAE /* Verses.xcdatamodel */ = {isa = PBXFileReference; lastKnownFileType = wrapper.xcdatamodel; path = Verses.xcdatamodel; sourceTree = "<group>"; };
		F2021B551802908C008B1BAE /* XXMasterViewController.h */ = {isa = PBXFileReference; lastKnownFileType = sourcecode.c.h; path = XXMasterViewController.h; sourceTree = "<group>"; };
		F2021B561802908C008B1BAE /* XXMasterViewController.m */ = {isa = PBXFileReference; lastKnownFileType = sourcecode.c.objc; path = XXMasterViewController.m; sourceTree = "<group>"; };
		F2021B581802908C008B1BAE /* XXDetailViewController.h */ = {isa = PBXFileReference; lastKnownFileType = sourcecode.c.h; path = XXDetailViewController.h; sourceTree = "<group>"; };
		F2021B591802908C008B1BAE /* XXDetailViewController.m */ = {isa = PBXFileReference; lastKnownFileType = sourcecode.c.objc; path = XXDetailViewController.m; sourceTree = "<group>"; };
		F2021B5B1802908C008B1BAE /* Images.xcassets */ = {isa = PBXFileReference; lastKnownFileType = folder.assetcatalog; path = Images.xcassets; sourceTree = "<group>"; };
		F2021B611802908C008B1BAE /* VersesTests.xctest */ = {isa = PBXFileReference; explicitFileType = wrapper.cfbundle; includeInIndex = 0; path = VersesTests.xctest; sourceTree = BUILT_PRODUCTS_DIR; };
		F2021B621802908C008B1BAE /* XCTest.framework */ = {isa = PBXFileReference; lastKnownFileType = wrapper.framework; name = XCTest.framework; path = Library/Frameworks/XCTest.framework; sourceTree = DEVELOPER_DIR; };
		F2021B6B1802908C008B1BAE /* VersesTests-Info.plist */ = {isa = PBXFileReference; lastKnownFileType = text.plist.xml; path = "VersesTests-Info.plist"; sourceTree = "<group>"; };
		F2021B6D1802908C008B1BAE /* en */ = {isa = PBXFileReference; lastKnownFileType = text.plist.strings; name = en; path = en.lproj/InfoPlist.strings; sourceTree = "<group>"; };
		F2021B6F1802908C008B1BAE /* VersesTests.m */ = {isa = PBXFileReference; lastKnownFileType = sourcecode.c.objc; path = VersesTests.m; sourceTree = "<group>"; };
		F2021B7918029626008B1BAE /* XXLoginController.h */ = {isa = PBXFileReference; fileEncoding = 4; lastKnownFileType = sourcecode.c.h; path = XXLoginController.h; sourceTree = "<group>"; };
		F2021B7A18029626008B1BAE /* XXLoginController.m */ = {isa = PBXFileReference; fileEncoding = 4; lastKnownFileType = sourcecode.c.objc; path = XXLoginController.m; sourceTree = "<group>"; };
		F2021B7C1802965C008B1BAE /* XXUser.h */ = {isa = PBXFileReference; fileEncoding = 4; lastKnownFileType = sourcecode.c.h; path = XXUser.h; sourceTree = "<group>"; };
		F2021B7D1802965C008B1BAE /* XXUser.m */ = {isa = PBXFileReference; fileEncoding = 4; lastKnownFileType = sourcecode.c.objc; path = XXUser.m; sourceTree = "<group>"; };
		F2021B7F180296A8008B1BAE /* XXStory.h */ = {isa = PBXFileReference; fileEncoding = 4; lastKnownFileType = sourcecode.c.h; path = XXStory.h; sourceTree = "<group>"; };
		F2021B80180296A8008B1BAE /* XXStory.m */ = {isa = PBXFileReference; fileEncoding = 4; lastKnownFileType = sourcecode.c.objc; path = XXStory.m; sourceTree = "<group>"; };
		F2021B82180296B2008B1BAE /* XXContribution.h */ = {isa = PBXFileReference; fileEncoding = 4; lastKnownFileType = sourcecode.c.h; path = XXContribution.h; sourceTree = "<group>"; };
		F2021B83180296B2008B1BAE /* XXContribution.m */ = {isa = PBXFileReference; fileEncoding = 4; lastKnownFileType = sourcecode.c.objc; path = XXContribution.m; sourceTree = "<group>"; };
		F2021B85180296C3008B1BAE /* XXTag.h */ = {isa = PBXFileReference; fileEncoding = 4; lastKnownFileType = sourcecode.c.h; path = XXTag.h; sourceTree = "<group>"; };
		F2021B86180296C3008B1BAE /* XXTag.m */ = {isa = PBXFileReference; fileEncoding = 4; lastKnownFileType = sourcecode.c.objc; path = XXTag.m; sourceTree = "<group>"; };
		F2021B881802A2CE008B1BAE /* Constants.h */ = {isa = PBXFileReference; lastKnownFileType = sourcecode.c.h; path = Constants.h; sourceTree = "<group>"; };
		F28976D21807B73D00B9E8A5 /* SystemConfiguration.framework */ = {isa = PBXFileReference; lastKnownFileType = wrapper.framework; name = SystemConfiguration.framework; path = System/Library/Frameworks/SystemConfiguration.framework; sourceTree = SDKROOT; };
		F28976D41807B74300B9E8A5 /* MobileCoreServices.framework */ = {isa = PBXFileReference; lastKnownFileType = wrapper.framework; name = MobileCoreServices.framework; path = System/Library/Frameworks/MobileCoreServices.framework; sourceTree = SDKROOT; };
		F28976D61807B74800B9E8A5 /* QuartzCore.framework */ = {isa = PBXFileReference; lastKnownFileType = wrapper.framework; name = QuartzCore.framework; path = System/Library/Frameworks/QuartzCore.framework; sourceTree = SDKROOT; };
/* End PBXFileReference section */

/* Begin PBXFrameworksBuildPhase section */
		F2021B321802908C008B1BAE /* Frameworks */ = {
			isa = PBXFrameworksBuildPhase;
			buildActionMask = 2147483647;
			files = (
				F2021B3B1802908C008B1BAE /* CoreGraphics.framework in Frameworks */,
				F2021B3F1802908C008B1BAE /* CoreData.framework in Frameworks */,
				F2021B3D1802908C008B1BAE /* UIKit.framework in Frameworks */,
				F2021B391802908C008B1BAE /* Foundation.framework in Frameworks */,
				C8162C41669040DC8133B818 /* libPods.a in Frameworks */,
			);
			runOnlyForDeploymentPostprocessing = 0;
		};
		F2021B5E1802908C008B1BAE /* Frameworks */ = {
			isa = PBXFrameworksBuildPhase;
			buildActionMask = 2147483647;
			files = (
				F2021B631802908C008B1BAE /* XCTest.framework in Frameworks */,
				F2021B661802908C008B1BAE /* CoreData.framework in Frameworks */,
				F2021B651802908C008B1BAE /* UIKit.framework in Frameworks */,
				F2021B641802908C008B1BAE /* Foundation.framework in Frameworks */,
			);
			runOnlyForDeploymentPostprocessing = 0;
		};
/* End PBXFrameworksBuildPhase section */

/* Begin PBXGroup section */
		F2021B2C1802908C008B1BAE = {
			isa = PBXGroup;
			children = (
				F2021B401802908C008B1BAE /* Verses */,
				F2021B691802908C008B1BAE /* VersesTests */,
				F2021B371802908C008B1BAE /* Frameworks */,
				F2021B361802908C008B1BAE /* Products */,
				8BA29E3B4C4140D4AB44C270 /* Pods.xcconfig */,
			);
			sourceTree = "<group>";
		};
		F2021B361802908C008B1BAE /* Products */ = {
			isa = PBXGroup;
			children = (
				F2021B351802908C008B1BAE /* Verses.app */,
				F2021B611802908C008B1BAE /* VersesTests.xctest */,
			);
			name = Products;
			sourceTree = "<group>";
		};
		F2021B371802908C008B1BAE /* Frameworks */ = {
			isa = PBXGroup;
			children = (
				F28976D61807B74800B9E8A5 /* QuartzCore.framework */,
				F28976D41807B74300B9E8A5 /* MobileCoreServices.framework */,
				F28976D21807B73D00B9E8A5 /* SystemConfiguration.framework */,
				F2021B381802908C008B1BAE /* Foundation.framework */,
				F2021B3A1802908C008B1BAE /* CoreGraphics.framework */,
				F2021B3C1802908C008B1BAE /* UIKit.framework */,
				F2021B3E1802908C008B1BAE /* CoreData.framework */,
				F2021B621802908C008B1BAE /* XCTest.framework */,
				D73101404F8346B5A1AF319B /* libPods.a */,
			);
			name = Frameworks;
			sourceTree = "<group>";
		};
		F2021B401802908C008B1BAE /* Verses */ = {
			isa = PBXGroup;
			children = (
				F2021B491802908C008B1BAE /* XXAppDelegate.h */,
				F2021B4A1802908C008B1BAE /* XXAppDelegate.m */,
				F2021B7C1802965C008B1BAE /* XXUser.h */,
				F2021B7D1802965C008B1BAE /* XXUser.m */,
				F2021B7F180296A8008B1BAE /* XXStory.h */,
				F2021B80180296A8008B1BAE /* XXStory.m */,
				F2021B82180296B2008B1BAE /* XXContribution.h */,
				F2021B83180296B2008B1BAE /* XXContribution.m */,
				F2021B85180296C3008B1BAE /* XXTag.h */,
				F2021B86180296C3008B1BAE /* XXTag.m */,
				F2021B4C1802908C008B1BAE /* Main_iPhone.storyboard */,
				F2021B4F1802908C008B1BAE /* Main_iPad.storyboard */,
				F2021B551802908C008B1BAE /* XXMasterViewController.h */,
				F2021B561802908C008B1BAE /* XXMasterViewController.m */,
				F2021B7918029626008B1BAE /* XXLoginController.h */,
				F2021B7A18029626008B1BAE /* XXLoginController.m */,
				F2021B581802908C008B1BAE /* XXDetailViewController.h */,
				F2021B591802908C008B1BAE /* XXDetailViewController.m */,
				F2021B881802A2CE008B1BAE /* Constants.h */,
				F2021B5B1802908C008B1BAE /* Images.xcassets */,
				F2021B521802908C008B1BAE /* Verses.xcdatamodeld */,
				F2021B411802908C008B1BAE /* Supporting Files */,
			);
			path = Verses;
			sourceTree = "<group>";
		};
		F2021B411802908C008B1BAE /* Supporting Files */ = {
			isa = PBXGroup;
			children = (
				F2021B421802908C008B1BAE /* Verses-Info.plist */,
				F2021B431802908C008B1BAE /* InfoPlist.strings */,
				F2021B461802908C008B1BAE /* main.m */,
				F2021B481802908C008B1BAE /* Verses-Prefix.pch */,
			);
			name = "Supporting Files";
			sourceTree = "<group>";
		};
		F2021B691802908C008B1BAE /* VersesTests */ = {
			isa = PBXGroup;
			children = (
				F2021B6F1802908C008B1BAE /* VersesTests.m */,
				F2021B6A1802908C008B1BAE /* Supporting Files */,
			);
			path = VersesTests;
			sourceTree = "<group>";
		};
		F2021B6A1802908C008B1BAE /* Supporting Files */ = {
			isa = PBXGroup;
			children = (
				F2021B6B1802908C008B1BAE /* VersesTests-Info.plist */,
				F2021B6C1802908C008B1BAE /* InfoPlist.strings */,
			);
			name = "Supporting Files";
			sourceTree = "<group>";
		};
/* End PBXGroup section */

/* Begin PBXNativeTarget section */
		F2021B341802908C008B1BAE /* Verses */ = {
			isa = PBXNativeTarget;
			buildConfigurationList = F2021B731802908C008B1BAE /* Build configuration list for PBXNativeTarget "Verses" */;
			buildPhases = (
				FCAB6796F19C45378E3788B6 /* Check Pods Manifest.lock */,
				F2021B311802908C008B1BAE /* Sources */,
				F2021B321802908C008B1BAE /* Frameworks */,
				F2021B331802908C008B1BAE /* Resources */,
				8A614957F8B2496F9BB4CD2B /* Copy Pods Resources */,
			);
			buildRules = (
			);
			dependencies = (
			);
			name = Verses;
			productName = Verses;
			productReference = F2021B351802908C008B1BAE /* Verses.app */;
			productType = "com.apple.product-type.application";
		};
		F2021B601802908C008B1BAE /* VersesTests */ = {
			isa = PBXNativeTarget;
			buildConfigurationList = F2021B761802908C008B1BAE /* Build configuration list for PBXNativeTarget "VersesTests" */;
			buildPhases = (
				F2021B5D1802908C008B1BAE /* Sources */,
				F2021B5E1802908C008B1BAE /* Frameworks */,
				F2021B5F1802908C008B1BAE /* Resources */,
			);
			buildRules = (
			);
			dependencies = (
				F2021B681802908C008B1BAE /* PBXTargetDependency */,
			);
			name = VersesTests;
			productName = VersesTests;
			productReference = F2021B611802908C008B1BAE /* VersesTests.xctest */;
			productType = "com.apple.product-type.bundle.unit-test";
		};
/* End PBXNativeTarget section */

/* Begin PBXProject section */
		F2021B2D1802908C008B1BAE /* Project object */ = {
			isa = PBXProject;
			attributes = {
				CLASSPREFIX = XX;
				LastUpgradeCheck = 0500;
				ORGANIZATIONNAME = Verses;
				TargetAttributes = {
					F2021B601802908C008B1BAE = {
						TestTargetID = F2021B341802908C008B1BAE;
					};
				};
			};
			buildConfigurationList = F2021B301802908C008B1BAE /* Build configuration list for PBXProject "Verses" */;
			compatibilityVersion = "Xcode 3.2";
			developmentRegion = English;
			hasScannedForEncodings = 0;
			knownRegions = (
				en,
				Base,
			);
			mainGroup = F2021B2C1802908C008B1BAE;
			productRefGroup = F2021B361802908C008B1BAE /* Products */;
			projectDirPath = "";
			projectRoot = "";
			targets = (
				F2021B341802908C008B1BAE /* Verses */,
				F2021B601802908C008B1BAE /* VersesTests */,
			);
		};
/* End PBXProject section */

/* Begin PBXResourcesBuildPhase section */
		F2021B331802908C008B1BAE /* Resources */ = {
			isa = PBXResourcesBuildPhase;
			buildActionMask = 2147483647;
			files = (
				F2021B511802908C008B1BAE /* Main_iPad.storyboard in Resources */,
				F2021B5C1802908C008B1BAE /* Images.xcassets in Resources */,
				F2021B4E1802908C008B1BAE /* Main_iPhone.storyboard in Resources */,
				F2021B451802908C008B1BAE /* InfoPlist.strings in Resources */,
			);
			runOnlyForDeploymentPostprocessing = 0;
		};
		F2021B5F1802908C008B1BAE /* Resources */ = {
			isa = PBXResourcesBuildPhase;
			buildActionMask = 2147483647;
			files = (
				F2021B6E1802908C008B1BAE /* InfoPlist.strings in Resources */,
			);
			runOnlyForDeploymentPostprocessing = 0;
		};
/* End PBXResourcesBuildPhase section */

/* Begin PBXShellScriptBuildPhase section */
		8A614957F8B2496F9BB4CD2B /* Copy Pods Resources */ = {
			isa = PBXShellScriptBuildPhase;
			buildActionMask = 2147483647;
			files = (
			);
			inputPaths = (
			);
			name = "Copy Pods Resources";
			outputPaths = (
			);
			runOnlyForDeploymentPostprocessing = 0;
			shellPath = /bin/sh;
			shellScript = "\"${SRCROOT}/Pods/Pods-resources.sh\"\n";
			showEnvVarsInLog = 0;
		};
		FCAB6796F19C45378E3788B6 /* Check Pods Manifest.lock */ = {
			isa = PBXShellScriptBuildPhase;
			buildActionMask = 2147483647;
			files = (
			);
			inputPaths = (
			);
			name = "Check Pods Manifest.lock";
			outputPaths = (
			);
			runOnlyForDeploymentPostprocessing = 0;
			shellPath = /bin/sh;
			shellScript = "diff \"${PODS_ROOT}/../Podfile.lock\" \"${PODS_ROOT}/Manifest.lock\" > /dev/null\nif [[ $? != 0 ]] ; then\n    cat << EOM\nerror: The sandbox is not in sync with the Podfile.lock. Run 'pod install' or update your CocoaPods installation.\nEOM\n    exit 1\nfi\n";
			showEnvVarsInLog = 0;
		};
/* End PBXShellScriptBuildPhase section */

/* Begin PBXSourcesBuildPhase section */
		F2021B311802908C008B1BAE /* Sources */ = {
			isa = PBXSourcesBuildPhase;
			buildActionMask = 2147483647;
			files = (
				F2021B4B1802908C008B1BAE /* XXAppDelegate.m in Sources */,
				F2021B7B18029626008B1BAE /* XXLoginController.m in Sources */,
				F2021B541802908C008B1BAE /* Verses.xcdatamodeld in Sources */,
				F2021B571802908C008B1BAE /* XXMasterViewController.m in Sources */,
				F2021B87180296C3008B1BAE /* XXTag.m in Sources */,
				F2021B84180296B2008B1BAE /* XXContribution.m in Sources */,
				F2021B5A1802908C008B1BAE /* XXDetailViewController.m in Sources */,
				F2021B81180296A8008B1BAE /* XXStory.m in Sources */,
				F2021B7E1802965C008B1BAE /* XXUser.m in Sources */,
				F2021B471802908C008B1BAE /* main.m in Sources */,
			);
			runOnlyForDeploymentPostprocessing = 0;
		};
		F2021B5D1802908C008B1BAE /* Sources */ = {
			isa = PBXSourcesBuildPhase;
			buildActionMask = 2147483647;
			files = (
				F2021B701802908C008B1BAE /* VersesTests.m in Sources */,
			);
			runOnlyForDeploymentPostprocessing = 0;
		};
/* End PBXSourcesBuildPhase section */

/* Begin PBXTargetDependency section */
		F2021B681802908C008B1BAE /* PBXTargetDependency */ = {
			isa = PBXTargetDependency;
			target = F2021B341802908C008B1BAE /* Verses */;
			targetProxy = F2021B671802908C008B1BAE /* PBXContainerItemProxy */;
		};
/* End PBXTargetDependency section */

/* Begin PBXVariantGroup section */
		F2021B431802908C008B1BAE /* InfoPlist.strings */ = {
			isa = PBXVariantGroup;
			children = (
				F2021B441802908C008B1BAE /* en */,
			);
			name = InfoPlist.strings;
			sourceTree = "<group>";
		};
		F2021B4C1802908C008B1BAE /* Main_iPhone.storyboard */ = {
			isa = PBXVariantGroup;
			children = (
				F2021B4D1802908C008B1BAE /* Base */,
			);
			name = Main_iPhone.storyboard;
			sourceTree = "<group>";
		};
		F2021B4F1802908C008B1BAE /* Main_iPad.storyboard */ = {
			isa = PBXVariantGroup;
			children = (
				F2021B501802908C008B1BAE /* Base */,
			);
			name = Main_iPad.storyboard;
			sourceTree = "<group>";
		};
		F2021B6C1802908C008B1BAE /* InfoPlist.strings */ = {
			isa = PBXVariantGroup;
			children = (
				F2021B6D1802908C008B1BAE /* en */,
			);
			name = InfoPlist.strings;
			sourceTree = "<group>";
		};
/* End PBXVariantGroup section */

/* Begin XCBuildConfiguration section */
		F2021B711802908C008B1BAE /* Debug */ = {
			isa = XCBuildConfiguration;
			buildSettings = {
				ALWAYS_SEARCH_USER_PATHS = NO;
				ARCHS = "$(ARCHS_STANDARD_INCLUDING_64_BIT)";
				CLANG_CXX_LANGUAGE_STANDARD = "gnu++0x";
				CLANG_CXX_LIBRARY = "libc++";
				CLANG_ENABLE_MODULES = YES;
				CLANG_ENABLE_OBJC_ARC = YES;
				CLANG_WARN_BOOL_CONVERSION = YES;
				CLANG_WARN_CONSTANT_CONVERSION = YES;
				CLANG_WARN_DIRECT_OBJC_ISA_USAGE = YES_ERROR;
				CLANG_WARN_EMPTY_BODY = YES;
				CLANG_WARN_ENUM_CONVERSION = YES;
				CLANG_WARN_INT_CONVERSION = YES;
				CLANG_WARN_OBJC_ROOT_CLASS = YES_ERROR;
				CLANG_WARN__DUPLICATE_METHOD_MATCH = YES;
				"CODE_SIGN_IDENTITY[sdk=iphoneos*]" = "iPhone Developer";
				COPY_PHASE_STRIP = NO;
				GCC_C_LANGUAGE_STANDARD = gnu99;
				GCC_DYNAMIC_NO_PIC = NO;
				GCC_OPTIMIZATION_LEVEL = 0;
				GCC_PREPROCESSOR_DEFINITIONS = (
					"DEBUG=1",
					"$(inherited)",
				);
				GCC_SYMBOLS_PRIVATE_EXTERN = NO;
				GCC_WARN_64_TO_32_BIT_CONVERSION = YES;
				GCC_WARN_ABOUT_RETURN_TYPE = YES_ERROR;
				GCC_WARN_UNDECLARED_SELECTOR = YES;
				GCC_WARN_UNINITIALIZED_AUTOS = YES;
				GCC_WARN_UNUSED_FUNCTION = YES;
				GCC_WARN_UNUSED_VARIABLE = YES;
				IPHONEOS_DEPLOYMENT_TARGET = 7.0;
				ONLY_ACTIVE_ARCH = YES;
				SDKROOT = iphoneos;
				TARGETED_DEVICE_FAMILY = "1,2";
			};
			name = Debug;
		};
		F2021B721802908C008B1BAE /* Release */ = {
			isa = XCBuildConfiguration;
			buildSettings = {
				ALWAYS_SEARCH_USER_PATHS = NO;
				ARCHS = "$(ARCHS_STANDARD_INCLUDING_64_BIT)";
				CLANG_CXX_LANGUAGE_STANDARD = "gnu++0x";
				CLANG_CXX_LIBRARY = "libc++";
				CLANG_ENABLE_MODULES = YES;
				CLANG_ENABLE_OBJC_ARC = YES;
				CLANG_WARN_BOOL_CONVERSION = YES;
				CLANG_WARN_CONSTANT_CONVERSION = YES;
				CLANG_WARN_DIRECT_OBJC_ISA_USAGE = YES_ERROR;
				CLANG_WARN_EMPTY_BODY = YES;
				CLANG_WARN_ENUM_CONVERSION = YES;
				CLANG_WARN_INT_CONVERSION = YES;
				CLANG_WARN_OBJC_ROOT_CLASS = YES_ERROR;
				CLANG_WARN__DUPLICATE_METHOD_MATCH = YES;
				"CODE_SIGN_IDENTITY[sdk=iphoneos*]" = "iPhone Developer";
				COPY_PHASE_STRIP = YES;
				ENABLE_NS_ASSERTIONS = NO;
				GCC_C_LANGUAGE_STANDARD = gnu99;
				GCC_WARN_64_TO_32_BIT_CONVERSION = YES;
				GCC_WARN_ABOUT_RETURN_TYPE = YES_ERROR;
				GCC_WARN_UNDECLARED_SELECTOR = YES;
				GCC_WARN_UNINITIALIZED_AUTOS = YES;
				GCC_WARN_UNUSED_FUNCTION = YES;
				GCC_WARN_UNUSED_VARIABLE = YES;
				IPHONEOS_DEPLOYMENT_TARGET = 7.0;
				SDKROOT = iphoneos;
				TARGETED_DEVICE_FAMILY = "1,2";
				VALIDATE_PRODUCT = YES;
			};
			name = Release;
		};
		F2021B741802908C008B1BAE /* Debug */ = {
			isa = XCBuildConfiguration;
			baseConfigurationReference = 8BA29E3B4C4140D4AB44C270 /* Pods.xcconfig */;
			buildSettings = {
				ASSETCATALOG_COMPILER_APPICON_NAME = AppIcon;
				ASSETCATALOG_COMPILER_LAUNCHIMAGE_NAME = LaunchImage;
				GCC_PRECOMPILE_PREFIX_HEADER = YES;
				GCC_PREFIX_HEADER = "Verses/Verses-Prefix.pch";
				INFOPLIST_FILE = "Verses/Verses-Info.plist";
				PRODUCT_NAME = "$(TARGET_NAME)";
				WRAPPER_EXTENSION = app;
			};
			name = Debug;
		};
		F2021B751802908C008B1BAE /* Release */ = {
			isa = XCBuildConfiguration;
			baseConfigurationReference = 8BA29E3B4C4140D4AB44C270 /* Pods.xcconfig */;
			buildSettings = {
				ASSETCATALOG_COMPILER_APPICON_NAME = AppIcon;
				ASSETCATALOG_COMPILER_LAUNCHIMAGE_NAME = LaunchImage;
				GCC_PRECOMPILE_PREFIX_HEADER = YES;
				GCC_PREFIX_HEADER = "Verses/Verses-Prefix.pch";
				INFOPLIST_FILE = "Verses/Verses-Info.plist";
				PRODUCT_NAME = "$(TARGET_NAME)";
				WRAPPER_EXTENSION = app;
			};
			name = Release;
		};
		F2021B771802908C008B1BAE /* Debug */ = {
			isa = XCBuildConfiguration;
			buildSettings = {
				ARCHS = "$(ARCHS_STANDARD_INCLUDING_64_BIT)";
				BUNDLE_LOADER = "$(BUILT_PRODUCTS_DIR)/Verses.app/Verses";
				FRAMEWORK_SEARCH_PATHS = (
					"$(SDKROOT)/Developer/Library/Frameworks",
					"$(inherited)",
					"$(DEVELOPER_FRAMEWORKS_DIR)",
				);
				GCC_PRECOMPILE_PREFIX_HEADER = YES;
				GCC_PREFIX_HEADER = "Verses/Verses-Prefix.pch";
				GCC_PREPROCESSOR_DEFINITIONS = (
					"DEBUG=1",
					"$(inherited)",
				);
				INFOPLIST_FILE = "VersesTests/VersesTests-Info.plist";
				PRODUCT_NAME = "$(TARGET_NAME)";
				TEST_HOST = "$(BUNDLE_LOADER)";
				WRAPPER_EXTENSION = xctest;
			};
			name = Debug;
		};
		F2021B781802908C008B1BAE /* Release */ = {
			isa = XCBuildConfiguration;
			buildSettings = {
				ARCHS = "$(ARCHS_STANDARD_INCLUDING_64_BIT)";
				BUNDLE_LOADER = "$(BUILT_PRODUCTS_DIR)/Verses.app/Verses";
				FRAMEWORK_SEARCH_PATHS = (
					"$(SDKROOT)/Developer/Library/Frameworks",
					"$(inherited)",
					"$(DEVELOPER_FRAMEWORKS_DIR)",
				);
				GCC_PRECOMPILE_PREFIX_HEADER = YES;
				GCC_PREFIX_HEADER = "Verses/Verses-Prefix.pch";
				INFOPLIST_FILE = "VersesTests/VersesTests-Info.plist";
				PRODUCT_NAME = "$(TARGET_NAME)";
				TEST_HOST = "$(BUNDLE_LOADER)";
				WRAPPER_EXTENSION = xctest;
			};
			name = Release;
		};
/* End XCBuildConfiguration section */

/* Begin XCConfigurationList section */
		F2021B301802908C008B1BAE /* Build configuration list for PBXProject "Verses" */ = {
			isa = XCConfigurationList;
			buildConfigurations = (
				F2021B711802908C008B1BAE /* Debug */,
				F2021B721802908C008B1BAE /* Release */,
			);
			defaultConfigurationIsVisible = 0;
			defaultConfigurationName = Release;
		};
		F2021B731802908C008B1BAE /* Build configuration list for PBXNativeTarget "Verses" */ = {
			isa = XCConfigurationList;
			buildConfigurations = (
				F2021B741802908C008B1BAE /* Debug */,
				F2021B751802908C008B1BAE /* Release */,
			);
			defaultConfigurationIsVisible = 0;
			defaultConfigurationName = Release;
		};
		F2021B761802908C008B1BAE /* Build configuration list for PBXNativeTarget "VersesTests" */ = {
			isa = XCConfigurationList;
			buildConfigurations = (
				F2021B771802908C008B1BAE /* Debug */,
				F2021B781802908C008B1BAE /* Release */,
			);
			defaultConfigurationIsVisible = 0;
			defaultConfigurationName = Release;
		};
/* End XCConfigurationList section */

/* Begin XCVersionGroup section */
		F2021B521802908C008B1BAE /* Verses.xcdatamodeld */ = {
			isa = XCVersionGroup;
			children = (
				F2021B531802908C008B1BAE /* Verses.xcdatamodel */,
			);
			currentVersion = F2021B531802908C008B1BAE /* Verses.xcdatamodel */;
			path = Verses.xcdatamodeld;
			sourceTree = "<group>";
			versionGroupType = wrapper.xcdatamodel;
		};
/* End XCVersionGroup section */
	};
	rootObject = F2021B2D1802908C008B1BAE /* Project object */;
}
